version = 1
revision = 1
requires-python = ">=3.9"

[[package]]
name = "liontools"
version = "0.0.2"
source = { editable = "." }

[package.dev-dependencies]
dev = [
    { name = "uv-publish" },
]

[package.metadata]

[package.metadata.requires-dev]
dev = [{ name = "uv-publish", specifier = ">=1.2.0" }]

[[package]]
name = "uv-publish"
version = "1.2"
source = { registry = "https://pypi.org/simple" }
sdist = { url = "https://files.pythonhosted.org/packages/01/84/6fabbe0bd158a76f83870f7006b917996e2002f7dd24d50eb86846854192/uv_publish-1.2.tar.gz", hash = "sha256:84a104b7698a0ea4eecdd0b243113daf2a4b6a206b58ad1b430409dd6bcbcbeb", size = 4257 }
wheels = [
    { url = "https://files.pythonhosted.org/packages/20/33/e5cf9be147012f66c5461e2ecde429117c55bcd5cbcffcf3bf22a8bafe35/uv_publish-1.2-py3-none-any.whl", hash = "sha256:50300c478293197af8ce56f9f7fec23d85278805344aa756e30c6436c77b05a3", size = 3972 },
]
